{
  "lib/openzeppelin-contracts-upgradeable": {
    "tag": {
      "name": "v5.5.0",
      "rev": "aa677e9d28ed78fc427ec47ba2baef2030c58e7c"
    }
  },
  "lib/v3-core": {
    "branch": {
      "name": "0.8",
      "rev": "6562c52e8f75f0c10f9deaf44861847585fc8129"
    }
  },
  "lib/v3-periphery": {
    "branch": {
      "name": "0.8",
      "rev": "b325bb0905d922ae61fcc7df85ee802e8df5e96c"
    }
  }
}